// !$*UTF8*$!
{
	archiveVersion = 1;
	classes = {
	};
	objectVersion = 46;
	objects = {

/* Begin PBXBuildFile section */
		F81360B0190114310094E4C8 /* CoreBluetooth.framework in Frameworks */ = {isa = PBXBuildFile; fileRef = F81360AF190114310094E4C8 /* CoreBluetooth.framework */; };
		F84D031918F43E5F008295C6 /* MapKit.framework in Frameworks */ = {isa = PBXBuildFile; fileRef = F84D031818F43E5F008295C6 /* MapKit.framework */; };
		F84D032118F44B2D008295C6 /* InvoicePDF.m in Sources */ = {isa = PBXBuildFile; fileRef = F84D031C18F44B2D008295C6 /* InvoicePDF.m */; };
		F84D032218F44B2D008295C6 /* InvoicePDFBuilder.m in Sources */ = {isa = PBXBuildFile; fileRef = F84D031E18F44B2D008295C6 /* InvoicePDFBuilder.m */; };
		F84D032318F44B2D008295C6 /* InvoiceTableViewController.m in Sources */ = {isa = PBXBuildFile; fileRef = F84D032018F44B2D008295C6 /* InvoiceTableViewController.m */; };
		F84D033418F44BEB008295C6 /* Product.m in Sources */ = {isa = PBXBuildFile; fileRef = F84D032F18F44BEB008295C6 /* Product.m */; };
		F84D033518F44BEB008295C6 /* Transaction.m in Sources */ = {isa = PBXBuildFile; fileRef = F84D033118F44BEB008295C6 /* Transaction.m */; };
		F84D033618F44BEB008295C6 /* TransactionItem.m in Sources */ = {isa = PBXBuildFile; fileRef = F84D033318F44BEB008295C6 /* TransactionItem.m */; };
		F861F7F118C4780100552D62 /* background.png in Resources */ = {isa = PBXBuildFile; fileRef = F861F7F018C4780100552D62 /* background.png */; };
		F861F7F318C47E8500552D62 /* logo.png in Resources */ = {isa = PBXBuildFile; fileRef = F861F7F218C47E8500552D62 /* logo.png */; };
		F861F7F718C49C0600552D62 /* LoginFieldBG.png in Resources */ = {isa = PBXBuildFile; fileRef = F861F7F618C49C0600552D62 /* LoginFieldBG.png */; };
		F861F7F918C4A44700552D62 /* forgotBtn.png in Resources */ = {isa = PBXBuildFile; fileRef = F861F7F818C4A44700552D62 /* forgotBtn.png */; };
		F86A0D2118C1C9D200A3BA9E /* bar.png in Resources */ = {isa = PBXBuildFile; fileRef = F86A0D1118C1C9D200A3BA9E /* bar.png */; };
		F86A0D2218C1C9D200A3BA9E /* bar2.png in Resources */ = {isa = PBXBuildFile; fileRef = F86A0D1218C1C9D200A3BA9E /* bar2.png */; };
		F86A0D2318C1C9D200A3BA9E /* beacon@2x.png in Resources */ = {isa = PBXBuildFile; fileRef = F86A0D1318C1C9D200A3BA9E /* beacon@2x.png */; };
		F86A0D2418C1C9D200A3BA9E /* beacon2@2x.png in Resources */ = {isa = PBXBuildFile; fileRef = F86A0D1418C1C9D200A3BA9E /* beacon2@2x.png */; };
		F86A0D2718C1C9D200A3BA9E /* distance-1.png in Resources */ = {isa = PBXBuildFile; fileRef = F86A0D1718C1C9D200A3BA9E /* distance-1.png */; };
		F86A0D2818C1C9D200A3BA9E /* distance-2.png in Resources */ = {isa = PBXBuildFile; fileRef = F86A0D1818C1C9D200A3BA9E /* distance-2.png */; };
		F86A0D2918C1C9D200A3BA9E /* distance-3.png in Resources */ = {isa = PBXBuildFile; fileRef = F86A0D1918C1C9D200A3BA9E /* distance-3.png */; };
		F86A0D2A18C1C9D200A3BA9E /* distance-4.png in Resources */ = {isa = PBXBuildFile; fileRef = F86A0D1A18C1C9D200A3BA9E /* distance-4.png */; };
		F86A0D2B18C1C9D200A3BA9E /* invoice@2x.png in Resources */ = {isa = PBXBuildFile; fileRef = F86A0D1B18C1C9D200A3BA9E /* invoice@2x.png */; };
		F86A0D2C18C1C9D200A3BA9E /* invoice2@2x.png in Resources */ = {isa = PBXBuildFile; fileRef = F86A0D1C18C1C9D200A3BA9E /* invoice2@2x.png */; };
		F86A0D2D18C1C9D200A3BA9E /* map@2x.png in Resources */ = {isa = PBXBuildFile; fileRef = F86A0D1D18C1C9D200A3BA9E /* map@2x.png */; };
		F86A0D2E18C1C9D200A3BA9E /* map2@2x.png in Resources */ = {isa = PBXBuildFile; fileRef = F86A0D1E18C1C9D200A3BA9E /* map2@2x.png */; };
		F86A0D2F18C1C9D200A3BA9E /* settings@2x.png in Resources */ = {isa = PBXBuildFile; fileRef = F86A0D1F18C1C9D200A3BA9E /* settings@2x.png */; };
		F86A0D3018C1C9D200A3BA9E /* settings2@2x.png in Resources */ = {isa = PBXBuildFile; fileRef = F86A0D2018C1C9D200A3BA9E /* settings2@2x.png */; };
		F8839CC418F3E4D2005945CC /* TabMenuViewController.m in Sources */ = {isa = PBXBuildFile; fileRef = F8839CC318F3E4D2005945CC /* TabMenuViewController.m */; };
		F8839CCA18F3F69A005945CC /* TabBarItem.m in Sources */ = {isa = PBXBuildFile; fileRef = F8839CC918F3F69A005945CC /* TabBarItem.m */; };
		F889965A191BE9F500681C74 /* OWUClientManager.m in Sources */ = {isa = PBXBuildFile; fileRef = F8899655191BE9F500681C74 /* OWUClientManager.m */; };
		F889965B191BE9F500681C74 /* OWUProximityManager.m in Sources */ = {isa = PBXBuildFile; fileRef = F8899657191BE9F500681C74 /* OWUProximityManager.m */; };
		F889965C191BE9F500681C74 /* OWUServerManager.m in Sources */ = {isa = PBXBuildFile; fileRef = F8899659191BE9F500681C74 /* OWUServerManager.m */; };
		F8DCA81118C0F60B00EAFEFA /* Foundation.framework in Frameworks */ = {isa = PBXBuildFile; fileRef = F8DCA81018C0F60B00EAFEFA /* Foundation.framework */; };
		F8DCA81318C0F60B00EAFEFA /* CoreGraphics.framework in Frameworks */ = {isa = PBXBuildFile; fileRef = F8DCA81218C0F60B00EAFEFA /* CoreGraphics.framework */; };
		F8DCA81518C0F60B00EAFEFA /* UIKit.framework in Frameworks */ = {isa = PBXBuildFile; fileRef = F8DCA81418C0F60B00EAFEFA /* UIKit.framework */; };
		F8DCA81B18C0F60B00EAFEFA /* InfoPlist.strings in Resources */ = {isa = PBXBuildFile; fileRef = F8DCA81918C0F60B00EAFEFA /* InfoPlist.strings */; };
		F8DCA81D18C0F60B00EAFEFA /* main.m in Sources */ = {isa = PBXBuildFile; fileRef = F8DCA81C18C0F60B00EAFEFA /* main.m */; };
		F8DCA82118C0F60B00EAFEFA /* AppDelegate.m in Sources */ = {isa = PBXBuildFile; fileRef = F8DCA82018C0F60B00EAFEFA /* AppDelegate.m */; };
		F8DCA82418C0F60B00EAFEFA /* Main.storyboard in Resources */ = {isa = PBXBuildFile; fileRef = F8DCA82218C0F60B00EAFEFA /* Main.storyboard */; };
		F8DCA82918C0F60B00EAFEFA /* Images.xcassets in Resources */ = {isa = PBXBuildFile; fileRef = F8DCA82818C0F60B00EAFEFA /* Images.xcassets */; };
		F8DCA83018C0F60B00EAFEFA /* XCTest.framework in Frameworks */ = {isa = PBXBuildFile; fileRef = F8DCA82F18C0F60B00EAFEFA /* XCTest.framework */; };
		F8DCA83118C0F60B00EAFEFA /* Foundation.framework in Frameworks */ = {isa = PBXBuildFile; fileRef = F8DCA81018C0F60B00EAFEFA /* Foundation.framework */; };
		F8DCA83218C0F60B00EAFEFA /* UIKit.framework in Frameworks */ = {isa = PBXBuildFile; fileRef = F8DCA81418C0F60B00EAFEFA /* UIKit.framework */; };
		F8DCA84918C0FA0000EAFEFA /* Parse.framework in Frameworks */ = {isa = PBXBuildFile; fileRef = F8DCA84818C0FA0000EAFEFA /* Parse.framework */; };
		F8DCA85118C0FC3500EAFEFA /* AudioToolbox.framework in Frameworks */ = {isa = PBXBuildFile; fileRef = F8DCA85018C0FC3500EAFEFA /* AudioToolbox.framework */; };
		F8DCA85318C0FC3A00EAFEFA /* CFNetwork.framework in Frameworks */ = {isa = PBXBuildFile; fileRef = F8DCA85218C0FC3A00EAFEFA /* CFNetwork.framework */; };
		F8DCA85518C0FC4600EAFEFA /* CoreLocation.framework in Frameworks */ = {isa = PBXBuildFile; fileRef = F8DCA85418C0FC4600EAFEFA /* CoreLocation.framework */; };
		F8DCA85918C0FC5600EAFEFA /* MobileCoreServices.framework in Frameworks */ = {isa = PBXBuildFile; fileRef = F8DCA85818C0FC5600EAFEFA /* MobileCoreServices.framework */; };
		F8DCA85B18C0FC5B00EAFEFA /* QuartzCore.framework in Frameworks */ = {isa = PBXBuildFile; fileRef = F8DCA85A18C0FC5B00EAFEFA /* QuartzCore.framework */; };
		F8DCA85D18C0FC5F00EAFEFA /* Security.framework in Frameworks */ = {isa = PBXBuildFile; fileRef = F8DCA85C18C0FC5F00EAFEFA /* Security.framework */; };
		F8DCA86118C0FC6C00EAFEFA /* SystemConfiguration.framework in Frameworks */ = {isa = PBXBuildFile; fileRef = F8DCA86018C0FC6C00EAFEFA /* SystemConfiguration.framework */; };
		F8DCA86418C0FD5300EAFEFA /* LoginViewController.m in Sources */ = {isa = PBXBuildFile; fileRef = F8DCA86318C0FD5300EAFEFA /* LoginViewController.m */; };
/* End PBXBuildFile section */

/* Begin PBXContainerItemProxy section */
		F8DCA83318C0F60B00EAFEFA /* PBXContainerItemProxy */ = {
			isa = PBXContainerItemProxy;
			containerPortal = F8DCA80518C0F60B00EAFEFA /* Project object */;
			proxyType = 1;
			remoteGlobalIDString = F8DCA80C18C0F60B00EAFEFA;
			remoteInfo = "Smart Transaction";
		};
/* End PBXContainerItemProxy section */

/* Begin PBXFileReference section */
		F81360AF190114310094E4C8 /* CoreBluetooth.framework */ = {isa = PBXFileReference; lastKnownFileType = wrapper.framework; name = CoreBluetooth.framework; path = System/Library/Frameworks/CoreBluetooth.framework; sourceTree = SDKROOT; };
		F84D031818F43E5F008295C6 /* MapKit.framework */ = {isa = PBXFileReference; lastKnownFileType = wrapper.framework; name = MapKit.framework; path = System/Library/Frameworks/MapKit.framework; sourceTree = SDKROOT; };
		F84D031B18F44B2D008295C6 /* InvoicePDF.h */ = {isa = PBXFileReference; fileEncoding = 4; lastKnownFileType = sourcecode.c.h; path = InvoicePDF.h; sourceTree = "<group>"; };
		F84D031C18F44B2D008295C6 /* InvoicePDF.m */ = {isa = PBXFileReference; fileEncoding = 4; lastKnownFileType = sourcecode.c.objc; path = InvoicePDF.m; sourceTree = "<group>"; };
		F84D031D18F44B2D008295C6 /* InvoicePDFBuilder.h */ = {isa = PBXFileReference; fileEncoding = 4; lastKnownFileType = sourcecode.c.h; path = InvoicePDFBuilder.h; sourceTree = "<group>"; };
		F84D031E18F44B2D008295C6 /* InvoicePDFBuilder.m */ = {isa = PBXFileReference; fileEncoding = 4; lastKnownFileType = sourcecode.c.objc; path = InvoicePDFBuilder.m; sourceTree = "<group>"; };
		F84D031F18F44B2D008295C6 /* InvoiceTableViewController.h */ = {isa = PBXFileReference; fileEncoding = 4; lastKnownFileType = sourcecode.c.h; path = InvoiceTableViewController.h; sourceTree = "<group>"; };
		F84D032018F44B2D008295C6 /* InvoiceTableViewController.m */ = {isa = PBXFileReference; fileEncoding = 4; lastKnownFileType = sourcecode.c.objc; path = InvoiceTableViewController.m; sourceTree = "<group>"; };
		F84D032E18F44BEB008295C6 /* Product.h */ = {isa = PBXFileReference; fileEncoding = 4; lastKnownFileType = sourcecode.c.h; name = Product.h; path = Model/Product.h; sourceTree = "<group>"; };
		F84D032F18F44BEB008295C6 /* Product.m */ = {isa = PBXFileReference; fileEncoding = 4; lastKnownFileType = sourcecode.c.objc; name = Product.m; path = Model/Product.m; sourceTree = "<group>"; };
		F84D033018F44BEB008295C6 /* Transaction.h */ = {isa = PBXFileReference; fileEncoding = 4; lastKnownFileType = sourcecode.c.h; name = Transaction.h; path = Model/Transaction.h; sourceTree = "<group>"; };
		F84D033118F44BEB008295C6 /* Transaction.m */ = {isa = PBXFileReference; fileEncoding = 4; lastKnownFileType = sourcecode.c.objc; name = Transaction.m; path = Model/Transaction.m; sourceTree = "<group>"; };
		F84D033218F44BEB008295C6 /* TransactionItem.h */ = {isa = PBXFileReference; fileEncoding = 4; lastKnownFileType = sourcecode.c.h; name = TransactionItem.h; path = Model/TransactionItem.h; sourceTree = "<group>"; };
		F84D033318F44BEB008295C6 /* TransactionItem.m */ = {isa = PBXFileReference; fileEncoding = 4; lastKnownFileType = sourcecode.c.objc; name = TransactionItem.m; path = Model/TransactionItem.m; sourceTree = "<group>"; };
		F861F7F018C4780100552D62 /* background.png */ = {isa = PBXFileReference; lastKnownFileType = image.png; name = background.png; path = "Smart Transaction/Image/background.png"; sourceTree = "<group>"; };
		F861F7F218C47E8500552D62 /* logo.png */ = {isa = PBXFileReference; lastKnownFileType = image.png; name = logo.png; path = "Smart Transaction/Image/logo.png"; sourceTree = "<group>"; };
		F861F7F618C49C0600552D62 /* LoginFieldBG.png */ = {isa = PBXFileReference; lastKnownFileType = image.png; name = LoginFieldBG.png; path = "Smart Transaction/Image/LoginFieldBG.png"; sourceTree = "<group>"; };
		F861F7F818C4A44700552D62 /* forgotBtn.png */ = {isa = PBXFileReference; lastKnownFileType = image.png; name = forgotBtn.png; path = "Smart Transaction/Image/forgotBtn.png"; sourceTree = "<group>"; };
		F86A0D1118C1C9D200A3BA9E /* bar.png */ = {isa = PBXFileReference; lastKnownFileType = image.png; name = bar.png; path = "Smart Transaction/Image/bar.png"; sourceTree = "<group>"; };
		F86A0D1218C1C9D200A3BA9E /* bar2.png */ = {isa = PBXFileReference; lastKnownFileType = image.png; name = bar2.png; path = "Smart Transaction/Image/bar2.png"; sourceTree = "<group>"; };
		F86A0D1318C1C9D200A3BA9E /* beacon@2x.png */ = {isa = PBXFileReference; lastKnownFileType = image.png; name = "beacon@2x.png"; path = "Smart Transaction/Image/beacon@2x.png"; sourceTree = "<group>"; };
		F86A0D1418C1C9D200A3BA9E /* beacon2@2x.png */ = {isa = PBXFileReference; lastKnownFileType = image.png; name = "beacon2@2x.png"; path = "Smart Transaction/Image/beacon2@2x.png"; sourceTree = "<group>"; };
		F86A0D1718C1C9D200A3BA9E /* distance-1.png */ = {isa = PBXFileReference; lastKnownFileType = image.png; name = "distance-1.png"; path = "Smart Transaction/Image/distance-1.png"; sourceTree = "<group>"; };
		F86A0D1818C1C9D200A3BA9E /* distance-2.png */ = {isa = PBXFileReference; lastKnownFileType = image.png; name = "distance-2.png"; path = "Smart Transaction/Image/distance-2.png"; sourceTree = "<group>"; };
		F86A0D1918C1C9D200A3BA9E /* distance-3.png */ = {isa = PBXFileReference; lastKnownFileType = image.png; name = "distance-3.png"; path = "Smart Transaction/Image/distance-3.png"; sourceTree = "<group>"; };
		F86A0D1A18C1C9D200A3BA9E /* distance-4.png */ = {isa = PBXFileReference; lastKnownFileType = image.png; name = "distance-4.png"; path = "Smart Transaction/Image/distance-4.png"; sourceTree = "<group>"; };
		F86A0D1B18C1C9D200A3BA9E /* invoice@2x.png */ = {isa = PBXFileReference; lastKnownFileType = image.png; name = "invoice@2x.png"; path = "Smart Transaction/Image/invoice@2x.png"; sourceTree = "<group>"; };
		F86A0D1C18C1C9D200A3BA9E /* invoice2@2x.png */ = {isa = PBXFileReference; lastKnownFileType = image.png; name = "invoice2@2x.png"; path = "Smart Transaction/Image/invoice2@2x.png"; sourceTree = "<group>"; };
		F86A0D1D18C1C9D200A3BA9E /* map@2x.png */ = {isa = PBXFileReference; lastKnownFileType = image.png; name = "map@2x.png"; path = "Smart Transaction/Image/map@2x.png"; sourceTree = "<group>"; };
		F86A0D1E18C1C9D200A3BA9E /* map2@2x.png */ = {isa = PBXFileReference; lastKnownFileType = image.png; name = "map2@2x.png"; path = "Smart Transaction/Image/map2@2x.png"; sourceTree = "<group>"; };
		F86A0D1F18C1C9D200A3BA9E /* settings@2x.png */ = {isa = PBXFileReference; lastKnownFileType = image.png; name = "settings@2x.png"; path = "Smart Transaction/Image/settings@2x.png"; sourceTree = "<group>"; };
		F86A0D2018C1C9D200A3BA9E /* settings2@2x.png */ = {isa = PBXFileReference; lastKnownFileType = image.png; name = "settings2@2x.png"; path = "Smart Transaction/Image/settings2@2x.png"; sourceTree = "<group>"; };
		F8839CC218F3E4D2005945CC /* TabMenuViewController.h */ = {isa = PBXFileReference; fileEncoding = 4; lastKnownFileType = sourcecode.c.h; path = TabMenuViewController.h; sourceTree = "<group>"; };
		F8839CC318F3E4D2005945CC /* TabMenuViewController.m */ = {isa = PBXFileReference; fileEncoding = 4; lastKnownFileType = sourcecode.c.objc; path = TabMenuViewController.m; sourceTree = "<group>"; };
		F8839CC818F3F69A005945CC /* TabBarItem.h */ = {isa = PBXFileReference; fileEncoding = 4; lastKnownFileType = sourcecode.c.h; path = TabBarItem.h; sourceTree = "<group>"; };
		F8839CC918F3F69A005945CC /* TabBarItem.m */ = {isa = PBXFileReference; fileEncoding = 4; lastKnownFileType = sourcecode.c.objc; path = TabBarItem.m; sourceTree = "<group>"; };
		F8899654191BE9F500681C74 /* OWUClientManager.h */ = {isa = PBXFileReference; fileEncoding = 4; lastKnownFileType = sourcecode.c.h; path = OWUClientManager.h; sourceTree = "<group>"; };
		F8899655191BE9F500681C74 /* OWUClientManager.m */ = {isa = PBXFileReference; fileEncoding = 4; lastKnownFileType = sourcecode.c.objc; path = OWUClientManager.m; sourceTree = "<group>"; };
		F8899656191BE9F500681C74 /* OWUProximityManager.h */ = {isa = PBXFileReference; fileEncoding = 4; lastKnownFileType = sourcecode.c.h; path = OWUProximityManager.h; sourceTree = "<group>"; };
		F8899657191BE9F500681C74 /* OWUProximityManager.m */ = {isa = PBXFileReference; fileEncoding = 4; lastKnownFileType = sourcecode.c.objc; path = OWUProximityManager.m; sourceTree = "<group>"; };
		F8899658191BE9F500681C74 /* OWUServerManager.h */ = {isa = PBXFileReference; fileEncoding = 4; lastKnownFileType = sourcecode.c.h; path = OWUServerManager.h; sourceTree = "<group>"; };
		F8899659191BE9F500681C74 /* OWUServerManager.m */ = {isa = PBXFileReference; fileEncoding = 4; lastKnownFileType = sourcecode.c.objc; path = OWUServerManager.m; sourceTree = "<group>"; };
		F889965D191BE9FD00681C74 /* OWUProximityManagerConstants.h */ = {isa = PBXFileReference; lastKnownFileType = sourcecode.c.h; path = OWUProximityManagerConstants.h; sourceTree = "<group>"; };
		F8DCA80D18C0F60B00EAFEFA /* Smart Transaction.app */ = {isa = PBXFileReference; explicitFileType = wrapper.application; includeInIndex = 0; path = "Smart Transaction.app"; sourceTree = BUILT_PRODUCTS_DIR; };
		F8DCA81018C0F60B00EAFEFA /* Foundation.framework */ = {isa = PBXFileReference; lastKnownFileType = wrapper.framework; name = Foundation.framework; path = System/Library/Frameworks/Foundation.framework; sourceTree = SDKROOT; };
		F8DCA81218C0F60B00EAFEFA /* CoreGraphics.framework */ = {isa = PBXFileReference; lastKnownFileType = wrapper.framework; name = CoreGraphics.framework; path = System/Library/Frameworks/CoreGraphics.framework; sourceTree = SDKROOT; };
		F8DCA81418C0F60B00EAFEFA /* UIKit.framework */ = {isa = PBXFileReference; lastKnownFileType = wrapper.framework; name = UIKit.framework; path = System/Library/Frameworks/UIKit.framework; sourceTree = SDKROOT; };
		F8DCA81818C0F60B00EAFEFA /* Smart Transaction-Info.plist */ = {isa = PBXFileReference; lastKnownFileType = text.plist.xml; path = "Smart Transaction-Info.plist"; sourceTree = "<group>"; };
		F8DCA81A18C0F60B00EAFEFA /* en */ = {isa = PBXFileReference; lastKnownFileType = text.plist.strings; name = en; path = en.lproj/InfoPlist.strings; sourceTree = "<group>"; };
		F8DCA81C18C0F60B00EAFEFA /* main.m */ = {isa = PBXFileReference; lastKnownFileType = sourcecode.c.objc; path = main.m; sourceTree = "<group>"; };
		F8DCA81E18C0F60B00EAFEFA /* Smart Transaction-Prefix.pch */ = {isa = PBXFileReference; lastKnownFileType = sourcecode.c.h; path = "Smart Transaction-Prefix.pch"; sourceTree = "<group>"; };
		F8DCA81F18C0F60B00EAFEFA /* AppDelegate.h */ = {isa = PBXFileReference; lastKnownFileType = sourcecode.c.h; path = AppDelegate.h; sourceTree = "<group>"; };
		F8DCA82018C0F60B00EAFEFA /* AppDelegate.m */ = {isa = PBXFileReference; lastKnownFileType = sourcecode.c.objc; path = AppDelegate.m; sourceTree = "<group>"; };
		F8DCA82318C0F60B00EAFEFA /* Base */ = {isa = PBXFileReference; lastKnownFileType = file.storyboard; name = Base; path = Base.lproj/Main.storyboard; sourceTree = "<group>"; };
		F8DCA82818C0F60B00EAFEFA /* Images.xcassets */ = {isa = PBXFileReference; lastKnownFileType = folder.assetcatalog; path = Images.xcassets; sourceTree = "<group>"; };
		F8DCA82E18C0F60B00EAFEFA /* Smart TransactionTests.xctest */ = {isa = PBXFileReference; explicitFileType = wrapper.cfbundle; includeInIndex = 0; path = "Smart TransactionTests.xctest"; sourceTree = BUILT_PRODUCTS_DIR; };
		F8DCA82F18C0F60B00EAFEFA /* XCTest.framework */ = {isa = PBXFileReference; lastKnownFileType = wrapper.framework; name = XCTest.framework; path = Library/Frameworks/XCTest.framework; sourceTree = DEVELOPER_DIR; };
		F8DCA84818C0FA0000EAFEFA /* Parse.framework */ = {isa = PBXFileReference; lastKnownFileType = wrapper.framework; name = Parse.framework; path = "Smart Transaction/Library/Parse.framework"; sourceTree = "<group>"; };
		F8DCA85018C0FC3500EAFEFA /* AudioToolbox.framework */ = {isa = PBXFileReference; lastKnownFileType = wrapper.framework; name = AudioToolbox.framework; path = System/Library/Frameworks/AudioToolbox.framework; sourceTree = SDKROOT; };
		F8DCA85218C0FC3A00EAFEFA /* CFNetwork.framework */ = {isa = PBXFileReference; lastKnownFileType = wrapper.framework; name = CFNetwork.framework; path = System/Library/Frameworks/CFNetwork.framework; sourceTree = SDKROOT; };
		F8DCA85418C0FC4600EAFEFA /* CoreLocation.framework */ = {isa = PBXFileReference; lastKnownFileType = wrapper.framework; name = CoreLocation.framework; path = System/Library/Frameworks/CoreLocation.framework; sourceTree = SDKROOT; };
		F8DCA85618C0FC4E00EAFEFA /* libz.dylib */ = {isa = PBXFileReference; lastKnownFileType = "compiled.mach-o.dylib"; name = libz.dylib; path = usr/lib/libz.dylib; sourceTree = SDKROOT; };
		F8DCA85818C0FC5600EAFEFA /* MobileCoreServices.framework */ = {isa = PBXFileReference; lastKnownFileType = wrapper.framework; name = MobileCoreServices.framework; path = System/Library/Frameworks/MobileCoreServices.framework; sourceTree = SDKROOT; };
		F8DCA85A18C0FC5B00EAFEFA /* QuartzCore.framework */ = {isa = PBXFileReference; lastKnownFileType = wrapper.framework; name = QuartzCore.framework; path = System/Library/Frameworks/QuartzCore.framework; sourceTree = SDKROOT; };
		F8DCA85C18C0FC5F00EAFEFA /* Security.framework */ = {isa = PBXFileReference; lastKnownFileType = wrapper.framework; name = Security.framework; path = System/Library/Frameworks/Security.framework; sourceTree = SDKROOT; };
		F8DCA86018C0FC6C00EAFEFA /* SystemConfiguration.framework */ = {isa = PBXFileReference; lastKnownFileType = wrapper.framework; name = SystemConfiguration.framework; path = System/Library/Frameworks/SystemConfiguration.framework; sourceTree = SDKROOT; };
		F8DCA86218C0FD5300EAFEFA /* LoginViewController.h */ = {isa = PBXFileReference; fileEncoding = 4; lastKnownFileType = sourcecode.c.h; name = LoginViewController.h; path = Controller/LoginViewController.h; sourceTree = "<group>"; };
		F8DCA86318C0FD5300EAFEFA /* LoginViewController.m */ = {isa = PBXFileReference; fileEncoding = 4; lastKnownFileType = sourcecode.c.objc; name = LoginViewController.m; path = Controller/LoginViewController.m; sourceTree = "<group>"; };
/* End PBXFileReference section */

/* Begin PBXFrameworksBuildPhase section */
		F8DCA80A18C0F60B00EAFEFA /* Frameworks */ = {
			isa = PBXFrameworksBuildPhase;
			buildActionMask = 2147483647;
			files = (
				F81360B0190114310094E4C8 /* CoreBluetooth.framework in Frameworks */,
				F84D031918F43E5F008295C6 /* MapKit.framework in Frameworks */,
				F8DCA86118C0FC6C00EAFEFA /* SystemConfiguration.framework in Frameworks */,
				F8DCA85D18C0FC5F00EAFEFA /* Security.framework in Frameworks */,
				F8DCA85B18C0FC5B00EAFEFA /* QuartzCore.framework in Frameworks */,
				F8DCA85918C0FC5600EAFEFA /* MobileCoreServices.framework in Frameworks */,
				F8DCA85518C0FC4600EAFEFA /* CoreLocation.framework in Frameworks */,
				F8DCA81318C0F60B00EAFEFA /* CoreGraphics.framework in Frameworks */,
				F8DCA85318C0FC3A00EAFEFA /* CFNetwork.framework in Frameworks */,
				F8DCA85118C0FC3500EAFEFA /* AudioToolbox.framework in Frameworks */,
				F8DCA84918C0FA0000EAFEFA /* Parse.framework in Frameworks */,
				F8DCA81518C0F60B00EAFEFA /* UIKit.framework in Frameworks */,
				F8DCA81118C0F60B00EAFEFA /* Foundation.framework in Frameworks */,
			);
			runOnlyForDeploymentPostprocessing = 0;
		};
		F8DCA82B18C0F60B00EAFEFA /* Frameworks */ = {
			isa = PBXFrameworksBuildPhase;
			buildActionMask = 2147483647;
			files = (
				F8DCA83018C0F60B00EAFEFA /* XCTest.framework in Frameworks */,
				F8DCA83218C0F60B00EAFEFA /* UIKit.framework in Frameworks */,
				F8DCA83118C0F60B00EAFEFA /* Foundation.framework in Frameworks */,
			);
			runOnlyForDeploymentPostprocessing = 0;
		};
/* End PBXFrameworksBuildPhase section */

/* Begin PBXGroup section */
		F84D031A18F44A9B008295C6 /* Transaction */ = {
			isa = PBXGroup;
			children = (
			);
			name = Transaction;
			sourceTree = "<group>";
		};
		F84D032418F44BBA008295C6 /* Model */ = {
			isa = PBXGroup;
			children = (
				F84D032E18F44BEB008295C6 /* Product.h */,
				F84D032F18F44BEB008295C6 /* Product.m */,
				F84D033018F44BEB008295C6 /* Transaction.h */,
				F84D033118F44BEB008295C6 /* Transaction.m */,
				F84D033218F44BEB008295C6 /* TransactionItem.h */,
				F84D033318F44BEB008295C6 /* TransactionItem.m */,
			);
			name = Model;
			sourceTree = "<group>";
		};
		F86A0D3118C1CA3000A3BA9E /* Image */ = {
			isa = PBXGroup;
			children = (
				F861F7F818C4A44700552D62 /* forgotBtn.png */,
				F861F7F618C49C0600552D62 /* LoginFieldBG.png */,
				F861F7F218C47E8500552D62 /* logo.png */,
				F861F7F018C4780100552D62 /* background.png */,
				F86A0D1118C1C9D200A3BA9E /* bar.png */,
				F86A0D1218C1C9D200A3BA9E /* bar2.png */,
				F86A0D1318C1C9D200A3BA9E /* beacon@2x.png */,
				F86A0D1418C1C9D200A3BA9E /* beacon2@2x.png */,
				F86A0D1718C1C9D200A3BA9E /* distance-1.png */,
				F86A0D1818C1C9D200A3BA9E /* distance-2.png */,
				F86A0D1918C1C9D200A3BA9E /* distance-3.png */,
				F86A0D1A18C1C9D200A3BA9E /* distance-4.png */,
				F86A0D1B18C1C9D200A3BA9E /* invoice@2x.png */,
				F86A0D1C18C1C9D200A3BA9E /* invoice2@2x.png */,
				F86A0D1D18C1C9D200A3BA9E /* map@2x.png */,
				F86A0D1E18C1C9D200A3BA9E /* map2@2x.png */,
				F86A0D1F18C1C9D200A3BA9E /* settings@2x.png */,
				F86A0D2018C1C9D200A3BA9E /* settings2@2x.png */,
			);
			name = Image;
			path = ..;
			sourceTree = "<group>";
		};
		F8DCA80418C0F60B00EAFEFA = {
			isa = PBXGroup;
			children = (
				F8DCA81618C0F60B00EAFEFA /* Smart Transaction */,
				F8DCA80F18C0F60B00EAFEFA /* Frameworks */,
				F8DCA80E18C0F60B00EAFEFA /* Products */,
			);
			sourceTree = "<group>";
		};
		F8DCA80E18C0F60B00EAFEFA /* Products */ = {
			isa = PBXGroup;
			children = (
				F8DCA80D18C0F60B00EAFEFA /* Smart Transaction.app */,
				F8DCA82E18C0F60B00EAFEFA /* Smart TransactionTests.xctest */,
			);
			name = Products;
			sourceTree = "<group>";
		};
		F8DCA80F18C0F60B00EAFEFA /* Frameworks */ = {
			isa = PBXGroup;
			children = (
				F81360AF190114310094E4C8 /* CoreBluetooth.framework */,
				F84D031818F43E5F008295C6 /* MapKit.framework */,
				F8DCA86018C0FC6C00EAFEFA /* SystemConfiguration.framework */,
				F8DCA85C18C0FC5F00EAFEFA /* Security.framework */,
				F8DCA85A18C0FC5B00EAFEFA /* QuartzCore.framework */,
				F8DCA85818C0FC5600EAFEFA /* MobileCoreServices.framework */,
				F8DCA85618C0FC4E00EAFEFA /* libz.dylib */,
				F8DCA85418C0FC4600EAFEFA /* CoreLocation.framework */,
				F8DCA85218C0FC3A00EAFEFA /* CFNetwork.framework */,
				F8DCA85018C0FC3500EAFEFA /* AudioToolbox.framework */,
				F8DCA84818C0FA0000EAFEFA /* Parse.framework */,
				F8DCA81018C0F60B00EAFEFA /* Foundation.framework */,
				F8DCA81218C0F60B00EAFEFA /* CoreGraphics.framework */,
				F8DCA81418C0F60B00EAFEFA /* UIKit.framework */,
				F8DCA82F18C0F60B00EAFEFA /* XCTest.framework */,
			);
			name = Frameworks;
			sourceTree = "<group>";
		};
		F8DCA81618C0F60B00EAFEFA /* Smart Transaction */ = {
			isa = PBXGroup;
			children = (
				F84D032418F44BBA008295C6 /* Model */,
				F84D031A18F44A9B008295C6 /* Transaction */,
				F86A0D3118C1CA3000A3BA9E /* Image */,
				F8DCA84F18C0FB6200EAFEFA /* Setting */,
				F8DCA84E18C0FB5800EAFEFA /* Invoice */,
				F8DCA84D18C0FB5100EAFEFA /* Map */,
				F8DCA84C18C0FB4300EAFEFA /* Beacon + Bluetooth */,
				F8DCA84B18C0FA9B00EAFEFA /* Main Menu */,
				F8DCA84A18C0FA8E00EAFEFA /* Login and signup */,
				F8DCA81F18C0F60B00EAFEFA /* AppDelegate.h */,
				F8DCA82018C0F60B00EAFEFA /* AppDelegate.m */,
				F8DCA82218C0F60B00EAFEFA /* Main.storyboard */,
				F8DCA82818C0F60B00EAFEFA /* Images.xcassets */,
				F8DCA81718C0F60B00EAFEFA /* Supporting Files */,
			);
			path = "Smart Transaction";
			sourceTree = "<group>";
		};
		F8DCA81718C0F60B00EAFEFA /* Supporting Files */ = {
			isa = PBXGroup;
			children = (
				F8DCA81818C0F60B00EAFEFA /* Smart Transaction-Info.plist */,
				F8DCA81918C0F60B00EAFEFA /* InfoPlist.strings */,
				F8DCA81C18C0F60B00EAFEFA /* main.m */,
				F8DCA81E18C0F60B00EAFEFA /* Smart Transaction-Prefix.pch */,
			);
			name = "Supporting Files";
			sourceTree = "<group>";
		};
		F8DCA84A18C0FA8E00EAFEFA /* Login and signup */ = {
			isa = PBXGroup;
			children = (
				F8DCA86218C0FD5300EAFEFA /* LoginViewController.h */,
				F8DCA86318C0FD5300EAFEFA /* LoginViewController.m */,
			);
			name = "Login and signup";
			sourceTree = "<group>";
		};
		F8DCA84B18C0FA9B00EAFEFA /* Main Menu */ = {
			isa = PBXGroup;
			children = (
				F8839CC218F3E4D2005945CC /* TabMenuViewController.h */,
				F8839CC318F3E4D2005945CC /* TabMenuViewController.m */,
				F8839CC818F3F69A005945CC /* TabBarItem.h */,
				F8839CC918F3F69A005945CC /* TabBarItem.m */,
			);
			name = "Main Menu";
			sourceTree = "<group>";
		};
		F8DCA84C18C0FB4300EAFEFA /* Beacon + Bluetooth */ = {
			isa = PBXGroup;
			children = (
				F889965D191BE9FD00681C74 /* OWUProximityManagerConstants.h */,
				F8899654191BE9F500681C74 /* OWUClientManager.h */,
				F8899655191BE9F500681C74 /* OWUClientManager.m */,
				F8899656191BE9F500681C74 /* OWUProximityManager.h */,
				F8899657191BE9F500681C74 /* OWUProximityManager.m */,
				F8899658191BE9F500681C74 /* OWUServerManager.h */,
				F8899659191BE9F500681C74 /* OWUServerManager.m */,
			);
			name = "Beacon + Bluetooth";
			sourceTree = "<group>";
		};
		F8DCA84D18C0FB5100EAFEFA /* Map */ = {
			isa = PBXGroup;
			children = (
			);
			name = Map;
			sourceTree = "<group>";
		};
		F8DCA84E18C0FB5800EAFEFA /* Invoice */ = {
			isa = PBXGroup;
			children = (
				F84D031B18F44B2D008295C6 /* InvoicePDF.h */,
				F84D031C18F44B2D008295C6 /* InvoicePDF.m */,
				F84D031D18F44B2D008295C6 /* InvoicePDFBuilder.h */,
				F84D031E18F44B2D008295C6 /* InvoicePDFBuilder.m */,
				F84D031F18F44B2D008295C6 /* InvoiceTableViewController.h */,
				F84D032018F44B2D008295C6 /* InvoiceTableViewController.m */,
			);
			name = Invoice;
			sourceTree = "<group>";
		};
		F8DCA84F18C0FB6200EAFEFA /* Setting */ = {
			isa = PBXGroup;
			children = (
			);
			name = Setting;
			sourceTree = "<group>";
		};
/* End PBXGroup section */

/* Begin PBXNativeTarget section */
		F8DCA80C18C0F60B00EAFEFA /* Smart Transaction */ = {
			isa = PBXNativeTarget;
			buildConfigurationList = F8DCA83F18C0F60B00EAFEFA /* Build configuration list for PBXNativeTarget "Smart Transaction" */;
			buildPhases = (
				F8DCA80918C0F60B00EAFEFA /* Sources */,
				F8DCA80A18C0F60B00EAFEFA /* Frameworks */,
				F8DCA80B18C0F60B00EAFEFA /* Resources */,
			);
			buildRules = (
			);
			dependencies = (
			);
			name = "Smart Transaction";
			productName = "Smart Transaction";
			productReference = F8DCA80D18C0F60B00EAFEFA /* Smart Transaction.app */;
			productType = "com.apple.product-type.application";
		};
		F8DCA82D18C0F60B00EAFEFA /* Smart TransactionTests */ = {
			isa = PBXNativeTarget;
			buildConfigurationList = F8DCA84218C0F60B00EAFEFA /* Build configuration list for PBXNativeTarget "Smart TransactionTests" */;
			buildPhases = (
				F8DCA82A18C0F60B00EAFEFA /* Sources */,
				F8DCA82B18C0F60B00EAFEFA /* Frameworks */,
				F8DCA82C18C0F60B00EAFEFA /* Resources */,
			);
			buildRules = (
			);
			dependencies = (
				F8DCA83418C0F60B00EAFEFA /* PBXTargetDependency */,
			);
			name = "Smart TransactionTests";
			productName = "Smart TransactionTests";
			productReference = F8DCA82E18C0F60B00EAFEFA /* Smart TransactionTests.xctest */;
			productType = "com.apple.product-type.bundle.unit-test";
		};
/* End PBXNativeTarget section */

/* Begin PBXProject section */
		F8DCA80518C0F60B00EAFEFA /* Project object */ = {
			isa = PBXProject;
			attributes = {
				LastUpgradeCheck = 0510;
				ORGANIZATIONNAME = "1314-114102-02";
				TargetAttributes = {
					F8DCA80C18C0F60B00EAFEFA = {
						DevelopmentTeam = T92L5B73J7;
						SystemCapabilities = {
							com.apple.BackgroundModes = {
								enabled = 0;
							};
							com.apple.InAppPurchase = {
								enabled = 0;
							};
						};
					};
					F8DCA82D18C0F60B00EAFEFA = {
						TestTargetID = F8DCA80C18C0F60B00EAFEFA;
					};
				};
			};
			buildConfigurationList = F8DCA80818C0F60B00EAFEFA /* Build configuration list for PBXProject "Smart Transaction" */;
			compatibilityVersion = "Xcode 3.2";
			developmentRegion = English;
			hasScannedForEncodings = 0;
			knownRegions = (
				en,
				Base,
			);
			mainGroup = F8DCA80418C0F60B00EAFEFA;
			productRefGroup = F8DCA80E18C0F60B00EAFEFA /* Products */;
			projectDirPath = "";
			projectRoot = "";
			targets = (
				F8DCA80C18C0F60B00EAFEFA /* Smart Transaction */,
				F8DCA82D18C0F60B00EAFEFA /* Smart TransactionTests */,
			);
		};
/* End PBXProject section */

/* Begin PBXResourcesBuildPhase section */
		F8DCA80B18C0F60B00EAFEFA /* Resources */ = {
			isa = PBXResourcesBuildPhase;
			buildActionMask = 2147483647;
			files = (
				F86A0D2C18C1C9D200A3BA9E /* invoice2@2x.png in Resources */,
				F86A0D3018C1C9D200A3BA9E /* settings2@2x.png in Resources */,
				F86A0D2F18C1C9D200A3BA9E /* settings@2x.png in Resources */,
				F86A0D2B18C1C9D200A3BA9E /* invoice@2x.png in Resources */,
				F86A0D2918C1C9D200A3BA9E /* distance-3.png in Resources */,
				F861F7F718C49C0600552D62 /* LoginFieldBG.png in Resources */,
				F8DCA82918C0F60B00EAFEFA /* Images.xcassets in Resources */,
				F86A0D2218C1C9D200A3BA9E /* bar2.png in Resources */,
				F861F7F118C4780100552D62 /* background.png in Resources */,
				F86A0D2D18C1C9D200A3BA9E /* map@2x.png in Resources */,
				F86A0D2A18C1C9D200A3BA9E /* distance-4.png in Resources */,
				F8DCA81B18C0F60B00EAFEFA /* InfoPlist.strings in Resources */,
				F86A0D2718C1C9D200A3BA9E /* distance-1.png in Resources */,
				F861F7F318C47E8500552D62 /* logo.png in Resources */,
				F86A0D2418C1C9D200A3BA9E /* beacon2@2x.png in Resources */,
				F8DCA82418C0F60B00EAFEFA /* Main.storyboard in Resources */,
				F86A0D2818C1C9D200A3BA9E /* distance-2.png in Resources */,
				F861F7F918C4A44700552D62 /* forgotBtn.png in Resources */,
				F86A0D2318C1C9D200A3BA9E /* beacon@2x.png in Resources */,
				F86A0D2E18C1C9D200A3BA9E /* map2@2x.png in Resources */,
				F86A0D2118C1C9D200A3BA9E /* bar.png in Resources */,
			);
			runOnlyForDeploymentPostprocessing = 0;
		};
		F8DCA82C18C0F60B00EAFEFA /* Resources */ = {
			isa = PBXResourcesBuildPhase;
			buildActionMask = 2147483647;
			files = (
			);
			runOnlyForDeploymentPostprocessing = 0;
		};
/* End PBXResourcesBuildPhase section */

/* Begin PBXSourcesBuildPhase section */
		F8DCA80918C0F60B00EAFEFA /* Sources */ = {
			isa = PBXSourcesBuildPhase;
			buildActionMask = 2147483647;
			files = (
				F8839CCA18F3F69A005945CC /* TabBarItem.m in Sources */,
				F8DCA86418C0FD5300EAFEFA /* LoginViewController.m in Sources */,
				F84D033518F44BEB008295C6 /* Transaction.m in Sources */,
				F889965C191BE9F500681C74 /* OWUServerManager.m in Sources */,
				F889965A191BE9F500681C74 /* OWUClientManager.m in Sources */,
				F84D032118F44B2D008295C6 /* InvoicePDF.m in Sources */,
				F84D032318F44B2D008295C6 /* InvoiceTableViewController.m in Sources */,
				F84D032218F44B2D008295C6 /* InvoicePDFBuilder.m in Sources */,
				F8DCA82118C0F60B00EAFEFA /* AppDelegate.m in Sources */,
				F8839CC418F3E4D2005945CC /* TabMenuViewController.m in Sources */,
				F84D033418F44BEB008295C6 /* Product.m in Sources */,
				F889965B191BE9F500681C74 /* OWUProximityManager.m in Sources */,
				F8DCA81D18C0F60B00EAFEFA /* main.m in Sources */,
				F84D033618F44BEB008295C6 /* TransactionItem.m in Sources */,
			);
			runOnlyForDeploymentPostprocessing = 0;
		};
		F8DCA82A18C0F60B00EAFEFA /* Sources */ = {
			isa = PBXSourcesBuildPhase;
			buildActionMask = 2147483647;
			files = (
			);
			runOnlyForDeploymentPostprocessing = 0;
		};
/* End PBXSourcesBuildPhase section */

/* Begin PBXTargetDependency section */
		F8DCA83418C0F60B00EAFEFA /* PBXTargetDependency */ = {
			isa = PBXTargetDependency;
			target = F8DCA80C18C0F60B00EAFEFA /* Smart Transaction */;
			targetProxy = F8DCA83318C0F60B00EAFEFA /* PBXContainerItemProxy */;
		};
/* End PBXTargetDependency section */

/* Begin PBXVariantGroup section */
		F8DCA81918C0F60B00EAFEFA /* InfoPlist.strings */ = {
			isa = PBXVariantGroup;
			children = (
				F8DCA81A18C0F60B00EAFEFA /* en */,
			);
			name = InfoPlist.strings;
			sourceTree = "<group>";
		};
		F8DCA82218C0F60B00EAFEFA /* Main.storyboard */ = {
			isa = PBXVariantGroup;
			children = (
				F8DCA82318C0F60B00EAFEFA /* Base */,
			);
			name = Main.storyboard;
			sourceTree = "<group>";
		};
/* End PBXVariantGroup section */

/* Begin XCBuildConfiguration section */
		F8DCA83D18C0F60B00EAFEFA /* Debug */ = {
			isa = XCBuildConfiguration;
			buildSettings = {
				ALWAYS_SEARCH_USER_PATHS = NO;
				CLANG_CXX_LANGUAGE_STANDARD = "gnu++0x";
				CLANG_CXX_LIBRARY = "libc++";
				CLANG_ENABLE_MODULES = YES;
				CLANG_ENABLE_OBJC_ARC = YES;
				CLANG_WARN_BOOL_CONVERSION = YES;
				CLANG_WARN_CONSTANT_CONVERSION = YES;
				CLANG_WARN_DIRECT_OBJC_ISA_USAGE = YES_ERROR;
				CLANG_WARN_EMPTY_BODY = YES;
				CLANG_WARN_ENUM_CONVERSION = YES;
				CLANG_WARN_INT_CONVERSION = YES;
				CLANG_WARN_OBJC_ROOT_CLASS = YES_ERROR;
				CLANG_WARN__DUPLICATE_METHOD_MATCH = YES;
				CODE_SIGN_IDENTITY = "iPhone Developer: Tsz Tung Cheng (CCQZJWLWTG)";
				"CODE_SIGN_IDENTITY[sdk=iphoneos*]" = "iPhone Developer: Tsz Tung Cheng (CCQZJWLWTG)";
				COPY_PHASE_STRIP = NO;
				GCC_C_LANGUAGE_STANDARD = gnu99;
				GCC_DYNAMIC_NO_PIC = NO;
				GCC_OPTIMIZATION_LEVEL = 0;
				GCC_PREPROCESSOR_DEFINITIONS = (
					"DEBUG=1",
					"$(inherited)",
				);
				GCC_SYMBOLS_PRIVATE_EXTERN = NO;
				GCC_WARN_64_TO_32_BIT_CONVERSION = YES;
				GCC_WARN_ABOUT_RETURN_TYPE = YES_ERROR;
				GCC_WARN_UNDECLARED_SELECTOR = YES;
				GCC_WARN_UNINITIALIZED_AUTOS = YES;
				GCC_WARN_UNUSED_FUNCTION = YES;
				GCC_WARN_UNUSED_VARIABLE = YES;
				IPHONEOS_DEPLOYMENT_TARGET = 7.1;
				ONLY_ACTIVE_ARCH = NO;
				SDKROOT = iphoneos;
			};
			name = Debug;
		};
		F8DCA83E18C0F60B00EAFEFA /* Release */ = {
			isa = XCBuildConfiguration;
			buildSettings = {
				ALWAYS_SEARCH_USER_PATHS = NO;
				CLANG_CXX_LANGUAGE_STANDARD = "gnu++0x";
				CLANG_CXX_LIBRARY = "libc++";
				CLANG_ENABLE_MODULES = YES;
				CLANG_ENABLE_OBJC_ARC = YES;
				CLANG_WARN_BOOL_CONVERSION = YES;
				CLANG_WARN_CONSTANT_CONVERSION = YES;
				CLANG_WARN_DIRECT_OBJC_ISA_USAGE = YES_ERROR;
				CLANG_WARN_EMPTY_BODY = YES;
				CLANG_WARN_ENUM_CONVERSION = YES;
				CLANG_WARN_INT_CONVERSION = YES;
				CLANG_WARN_OBJC_ROOT_CLASS = YES_ERROR;
				CLANG_WARN__DUPLICATE_METHOD_MATCH = YES;
				CODE_SIGN_IDENTITY = "iPhone Developer: Tsz Tung Cheng (CCQZJWLWTG)";
				"CODE_SIGN_IDENTITY[sdk=iphoneos*]" = "iPhone Developer: Tsz Tung Cheng (CCQZJWLWTG)";
				COPY_PHASE_STRIP = YES;
				ENABLE_NS_ASSERTIONS = NO;
				GCC_C_LANGUAGE_STANDARD = gnu99;
				GCC_WARN_64_TO_32_BIT_CONVERSION = YES;
				GCC_WARN_ABOUT_RETURN_TYPE = YES_ERROR;
				GCC_WARN_UNDECLARED_SELECTOR = YES;
				GCC_WARN_UNINITIALIZED_AUTOS = YES;
				GCC_WARN_UNUSED_FUNCTION = YES;
				GCC_WARN_UNUSED_VARIABLE = YES;
				IPHONEOS_DEPLOYMENT_TARGET = 7.1;
				ONLY_ACTIVE_ARCH = NO;
				SDKROOT = iphoneos;
				VALIDATE_PRODUCT = YES;
			};
			name = Release;
		};
		F8DCA84018C0F60B00EAFEFA /* Debug */ = {
			isa = XCBuildConfiguration;
			buildSettings = {
				ASSETCATALOG_COMPILER_APPICON_NAME = AppIcon;
				ASSETCATALOG_COMPILER_LAUNCHIMAGE_NAME = LaunchImage;
				CODE_SIGN_IDENTITY = "iPhone Developer";
				"CODE_SIGN_IDENTITY[sdk=iphoneos*]" = "iPhone Developer";
				FRAMEWORK_SEARCH_PATHS = (
					"$(inherited)",
					"/Users/PeterCheng/Documents/Developer/Smart\\ Transaction/Smart\\ Transaction/Library",
				);
				GCC_PRECOMPILE_PREFIX_HEADER = YES;
				GCC_PREFIX_HEADER = "Smart Transaction/Smart Transaction-Prefix.pch";
				INFOPLIST_FILE = "Smart Transaction/Smart Transaction-Info.plist";
				IPHONEOS_DEPLOYMENT_TARGET = 7.1;
				LIBRARY_SEARCH_PATHS = "$(inherited)";
				PRODUCT_NAME = "$(TARGET_NAME)";
				PROVISIONING_PROFILE = "";
				TARGETED_DEVICE_FAMILY = 1;
				WRAPPER_EXTENSION = app;
			};
			name = Debug;
		};
		F8DCA84118C0F60B00EAFEFA /* Release */ = {
			isa = XCBuildConfiguration;
			buildSettings = {
				ASSETCATALOG_COMPILER_APPICON_NAME = AppIcon;
				ASSETCATALOG_COMPILER_LAUNCHIMAGE_NAME = LaunchImage;
				CODE_SIGN_IDENTITY = "iPhone Developer";
				"CODE_SIGN_IDENTITY[sdk=iphoneos*]" = "iPhone Developer";
				FRAMEWORK_SEARCH_PATHS = (
					"$(inherited)",
					"/Users/PeterCheng/Documents/Developer/Smart\\ Transaction/Smart\\ Transaction/Library",
				);
				GCC_PRECOMPILE_PREFIX_HEADER = YES;
				GCC_PREFIX_HEADER = "Smart Transaction/Smart Transaction-Prefix.pch";
				INFOPLIST_FILE = "Smart Transaction/Smart Transaction-Info.plist";
				IPHONEOS_DEPLOYMENT_TARGET = 7.1;
				LIBRARY_SEARCH_PATHS = "$(inherited)";
				PRODUCT_NAME = "$(TARGET_NAME)";
				PROVISIONING_PROFILE = "";
				TARGETED_DEVICE_FAMILY = 1;
				WRAPPER_EXTENSION = app;
			};
			name = Release;
		};
		F8DCA84318C0F60B00EAFEFA /* Debug */ = {
			isa = XCBuildConfiguration;
			buildSettings = {
				BUNDLE_LOADER = "$(BUILT_PRODUCTS_DIR)/Smart Transaction.app/Smart Transaction";
				FRAMEWORK_SEARCH_PATHS = (
					"$(SDKROOT)/Developer/Library/Frameworks",
					"$(inherited)",
					"$(DEVELOPER_FRAMEWORKS_DIR)",
				);
				GCC_PRECOMPILE_PREFIX_HEADER = YES;
				GCC_PREFIX_HEADER = "Smart Transaction/Smart Transaction-Prefix.pch";
				GCC_PREPROCESSOR_DEFINITIONS = (
					"DEBUG=1",
					"$(inherited)",
				);
				INFOPLIST_FILE = "Smart TransactionTests/Smart TransactionTests-Info.plist";
				PRODUCT_NAME = "$(TARGET_NAME)";
				TEST_HOST = "$(BUNDLE_LOADER)";
				WRAPPER_EXTENSION = xctest;
			};
			name = Debug;
		};
		F8DCA84418C0F60B00EAFEFA /* Release */ = {
			isa = XCBuildConfiguration;
			buildSettings = {
				BUNDLE_LOADER = "$(BUILT_PRODUCTS_DIR)/Smart Transaction.app/Smart Transaction";
				FRAMEWORK_SEARCH_PATHS = (
					"$(SDKROOT)/Developer/Library/Frameworks",
					"$(inherited)",
					"$(DEVELOPER_FRAMEWORKS_DIR)",
				);
				GCC_PRECOMPILE_PREFIX_HEADER = YES;
				GCC_PREFIX_HEADER = "Smart Transaction/Smart Transaction-Prefix.pch";
				INFOPLIST_FILE = "Smart TransactionTests/Smart TransactionTests-Info.plist";
				PRODUCT_NAME = "$(TARGET_NAME)";
				TEST_HOST = "$(BUNDLE_LOADER)";
				WRAPPER_EXTENSION = xctest;
			};
			name = Release;
		};
/* End XCBuildConfiguration section */

/* Begin XCConfigurationList section */
		F8DCA80818C0F60B00EAFEFA /* Build configuration list for PBXProject "Smart Transaction" */ = {
			isa = XCConfigurationList;
			buildConfigurations = (
				F8DCA83D18C0F60B00EAFEFA /* Debug */,
				F8DCA83E18C0F60B00EAFEFA /* Release */,
			);
			defaultConfigurationIsVisible = 0;
			defaultConfigurationName = Release;
		};
		F8DCA83F18C0F60B00EAFEFA /* Build configuration list for PBXNativeTarget "Smart Transaction" */ = {
			isa = XCConfigurationList;
			buildConfigurations = (
				F8DCA84018C0F60B00EAFEFA /* Debug */,
				F8DCA84118C0F60B00EAFEFA /* Release */,
			);
			defaultConfigurationIsVisible = 0;
			defaultConfigurationName = Release;
		};
		F8DCA84218C0F60B00EAFEFA /* Build configuration list for PBXNativeTarget "Smart TransactionTests" */ = {
			isa = XCConfigurationList;
			buildConfigurations = (
				F8DCA84318C0F60B00EAFEFA /* Debug */,
				F8DCA84418C0F60B00EAFEFA /* Release */,
			);
			defaultConfigurationIsVisible = 0;
			defaultConfigurationName = Release;
		};
/* End XCConfigurationList section */
	};
	rootObject = F8DCA80518C0F60B00EAFEFA /* Project object */;
}
